
Microsoft Visual Studio Solution File, Format Version 12.00
# Visual Studio 15
VisualStudioVersion = 15.0.27004.2002
MinimumVisualStudioVersion = 10.0.40219.1
Project("{FAE04EC0-301F-11D3-BF4B-00C04F79EFBC}") = "WebApplication1", "WebApplication1\WebApplication1.csproj", "{3D6E5567-95D2-45BF-A45C-7068D4B9F181}"
EndProject
Global
	GlobalSection(SolutionConfigurationPlatforms) = preSolution
		Debug|Any CPU = Debug|Any CPU
		Release|Any CPU = Release|Any CPU
	EndGlobalSection
	GlobalSection(ProjectConfigurationPlatforms) = postSolution
		{3D6E5567-95D2-45BF-A45C-7068D4B9F181}.Debug|Any CPU.ActiveCfg = Debug|Any CPU
		{3D6E5567-95D2-45BF-A45C-7068D4B9F181}.Debug|Any CPU.Build.0 = Debug|Any CPU
		{3D6E5567-95D2-45BF-A45C-7068D4B9F181}.Release|Any CPU.ActiveCfg = Release|Any CPU
		{3D6E5567-95D2-45BF-A45C-7068D4B9F181}.Release|Any CPU.Build.0 = Release|Any CPU
	EndGlobalSection
	GlobalSection(SolutionProperties) = preSolution
		HideSolutionNode = FALSE
	EndGlobalSection
	GlobalSection(ExtensibilityGlobals) = postSolution
		SolutionGuid = {515EFB1D-DAF2-447D-BD87-10571A11971C}
	EndGlobalSection
EndGlobal
